// !$*UTF8*$!
{
	archiveVersion = 1;
	classes = {
	};
	objectVersion = 46;
	objects = {

/* Begin PBXBuildFile section */
		30A0CA5D1AA9E5B4005411C7 /* main.m in Sources */ = {isa = PBXBuildFile; fileRef = 30A0CA5C1AA9E5B4005411C7 /* main.m */; };
		30A0CA601AA9E5B4005411C7 /* AppDelegate.m in Sources */ = {isa = PBXBuildFile; fileRef = 30A0CA5F1AA9E5B4005411C7 /* AppDelegate.m */; };
		30A0CA631AA9E5B4005411C7 /* ViewController.m in Sources */ = {isa = PBXBuildFile; fileRef = 30A0CA621AA9E5B4005411C7 /* ViewController.m */; };
		30A0CA661AA9E5B4005411C7 /* Main.storyboard in Resources */ = {isa = PBXBuildFile; fileRef = 30A0CA641AA9E5B4005411C7 /* Main.storyboard */; };
		30A0CA681AA9E5B4005411C7 /* Images.xcassets in Resources */ = {isa = PBXBuildFile; fileRef = 30A0CA671AA9E5B4005411C7 /* Images.xcassets */; };
		30A0CA6B1AA9E5B4005411C7 /* LaunchScreen.xib in Resources */ = {isa = PBXBuildFile; fileRef = 30A0CA691AA9E5B4005411C7 /* LaunchScreen.xib */; };
		30A0CA771AA9E5B4005411C7 /* kongguTests.m in Sources */ = {isa = PBXBuildFile; fileRef = 30A0CA761AA9E5B4005411C7 /* kongguTests.m */; };
/* End PBXBuildFile section */

/* Begin PBXContainerItemProxy section */
		30A0CA711AA9E5B4005411C7 /* PBXContainerItemProxy */ = {
			isa = PBXContainerItemProxy;
			containerPortal = 30A0CA4F1AA9E5B4005411C7 /* Project object */;
			proxyType = 1;
			remoteGlobalIDString = 30A0CA561AA9E5B4005411C7;
			remoteInfo = konggu;
		};
/* End PBXContainerItemProxy section */

/* Begin PBXFileReference section */
		30A0CA571AA9E5B4005411C7 /* konggu.app */ = {isa = PBXFileReference; explicitFileType = wrapper.application; includeInIndex = 0; path = konggu.app; sourceTree = BUILT_PRODUCTS_DIR; };
		30A0CA5B1AA9E5B4005411C7 /* Info.plist */ = {isa = PBXFileReference; lastKnownFileType = text.plist.xml; path = Info.plist; sourceTree = "<group>"; };
		30A0CA5C1AA9E5B4005411C7 /* main.m */ = {isa = PBXFileReference; lastKnownFileType = sourcecode.c.objc; path = main.m; sourceTree = "<group>"; };
		30A0CA5E1AA9E5B4005411C7 /* AppDelegate.h */ = {isa = PBXFileReference; lastKnownFileType = sourcecode.c.h; path = AppDelegate.h; sourceTree = "<group>"; };
		30A0CA5F1AA9E5B4005411C7 /* AppDelegate.m */ = {isa = PBXFileReference; lastKnownFileType = sourcecode.c.objc; path = AppDelegate.m; sourceTree = "<group>"; };
		30A0CA611AA9E5B4005411C7 /* ViewController.h */ = {isa = PBXFileReference; lastKnownFileType = sourcecode.c.h; path = ViewController.h; sourceTree = "<group>"; };
		30A0CA621AA9E5B4005411C7 /* ViewController.m */ = {isa = PBXFileReference; lastKnownFileType = sourcecode.c.objc; path = ViewController.m; sourceTree = "<group>"; };
		30A0CA651AA9E5B4005411C7 /* Base */ = {isa = PBXFileReference; lastKnownFileType = file.storyboard; name = Base; path = Base.lproj/Main.storyboard; sourceTree = "<group>"; };
		30A0CA671AA9E5B4005411C7 /* Images.xcassets */ = {isa = PBXFileReference; lastKnownFileType = folder.assetcatalog; path = Images.xcassets; sourceTree = "<group>"; };
		30A0CA6A1AA9E5B4005411C7 /* Base */ = {isa = PBXFileReference; lastKnownFileType = file.xib; name = Base; path = Base.lproj/LaunchScreen.xib; sourceTree = "<group>"; };
		30A0CA701AA9E5B4005411C7 /* kongguTests.xctest */ = {isa = PBXFileReference; explicitFileType = wrapper.cfbundle; includeInIndex = 0; path = kongguTests.xctest; sourceTree = BUILT_PRODUCTS_DIR; };
		30A0CA751AA9E5B4005411C7 /* Info.plist */ = {isa = PBXFileReference; lastKnownFileType = text.plist.xml; path = Info.plist; sourceTree = "<group>"; };
		30A0CA761AA9E5B4005411C7 /* kongguTests.m */ = {isa = PBXFileReference; lastKnownFileType = sourcecode.c.objc; path = kongguTests.m; sourceTree = "<group>"; };
/* End PBXFileReference section */

/* Begin PBXFrameworksBuildPhase section */
		30A0CA541AA9E5B4005411C7 /* Frameworks */ = {
			isa = PBXFrameworksBuildPhase;
			buildActionMask = 2147483647;
			files = (
			);
			runOnlyForDeploymentPostprocessing = 0;
		};
		30A0CA6D1AA9E5B4005411C7 /* Frameworks */ = {
			isa = PBXFrameworksBuildPhase;
			buildActionMask = 2147483647;
			files = (
			);
			runOnlyForDeploymentPostprocessing = 0;
		};
/* End PBXFrameworksBuildPhase section */

/* Begin PBXGroup section */
		30A0CA4E1AA9E5B4005411C7 = {
			isa = PBXGroup;
			children = (
				30A0CA591AA9E5B4005411C7 /* konggu */,
				30A0CA731AA9E5B4005411C7 /* kongguTests */,
				30A0CA581AA9E5B4005411C7 /* Products */,
			);
			sourceTree = "<group>";
		};
		30A0CA581AA9E5B4005411C7 /* Products */ = {
			isa = PBXGroup;
			children = (
				30A0CA571AA9E5B4005411C7 /* konggu.app */,
				30A0CA701AA9E5B4005411C7 /* kongguTests.xctest */,
			);
			name = Products;
			sourceTree = "<group>";
		};
		30A0CA591AA9E5B4005411C7 /* konggu */ = {
			isa = PBXGroup;
			children = (
				30A0CA5E1AA9E5B4005411C7 /* AppDelegate.h */,
				30A0CA5F1AA9E5B4005411C7 /* AppDelegate.m */,
				30A0CA611AA9E5B4005411C7 /* ViewController.h */,
				30A0CA621AA9E5B4005411C7 /* ViewController.m */,
				30A0CA641AA9E5B4005411C7 /* Main.storyboard */,
				30A0CA671AA9E5B4005411C7 /* Images.xcassets */,
				30A0CA691AA9E5B4005411C7 /* LaunchScreen.xib */,
				30A0CA5A1AA9E5B4005411C7 /* Supporting Files */,
			);
			path = konggu;
			sourceTree = "<group>";
		};
		30A0CA5A1AA9E5B4005411C7 /* Supporting Files */ = {
			isa = PBXGroup;
			children = (
				30A0CA5B1AA9E5B4005411C7 /* Info.plist */,
				30A0CA5C1AA9E5B4005411C7 /* main.m */,
			);
			name = "Supporting Files";
			sourceTree = "<group>";
		};
		30A0CA731AA9E5B4005411C7 /* kongguTests */ = {
			isa = PBXGroup;
			children = (
				30A0CA761AA9E5B4005411C7 /* kongguTests.m */,
				30A0CA741AA9E5B4005411C7 /* Supporting Files */,
			);
			path = kongguTests;
			sourceTree = "<group>";
		};
		30A0CA741AA9E5B4005411C7 /* Supporting Files */ = {
			isa = PBXGroup;
			children = (
				30A0CA751AA9E5B4005411C7 /* Info.plist */,
			);
			name = "Supporting Files";
			sourceTree = "<group>";
		};
/* End PBXGroup section */

/* Begin PBXNativeTarget section */
		30A0CA561AA9E5B4005411C7 /* konggu */ = {
			isa = PBXNativeTarget;
			buildConfigurationList = 30A0CA7A1AA9E5B4005411C7 /* Build configuration list for PBXNativeTarget "konggu" */;
			buildPhases = (
				30A0CA531AA9E5B4005411C7 /* Sources */,
				30A0CA541AA9E5B4005411C7 /* Frameworks */,
				30A0CA551AA9E5B4005411C7 /* Resources */,
			);
			buildRules = (
			);
			dependencies = (
			);
			name = konggu;
			productName = konggu;
			productReference = 30A0CA571AA9E5B4005411C7 /* konggu.app */;
			productType = "com.apple.product-type.application";
		};
		30A0CA6F1AA9E5B4005411C7 /* kongguTests */ = {
			isa = PBXNativeTarget;
			buildConfigurationList = 30A0CA7D1AA9E5B4005411C7 /* Build configuration list for PBXNativeTarget "kongguTests" */;
			buildPhases = (
				30A0CA6C1AA9E5B4005411C7 /* Sources */,
				30A0CA6D1AA9E5B4005411C7 /* Frameworks */,
				30A0CA6E1AA9E5B4005411C7 /* Resources */,
			);
			buildRules = (
			);
			dependencies = (
				30A0CA721AA9E5B4005411C7 /* PBXTargetDependency */,
			);
			name = kongguTests;
			productName = kongguTests;
			productReference = 30A0CA701AA9E5B4005411C7 /* kongguTests.xctest */;
			productType = "com.apple.product-type.bundle.unit-test";
		};
/* End PBXNativeTarget section */

/* Begin PBXProject section */
		30A0CA4F1AA9E5B4005411C7 /* Project object */ = {
			isa = PBXProject;
			attributes = {
				LastUpgradeCheck = 0610;
				ORGANIZATIONNAME = zhaoliang;
				TargetAttributes = {
					30A0CA561AA9E5B4005411C7 = {
						CreatedOnToolsVersion = 6.1.1;
					};
					30A0CA6F1AA9E5B4005411C7 = {
						CreatedOnToolsVersion = 6.1.1;
						TestTargetID = 30A0CA561AA9E5B4005411C7;
					};
				};
			};
			buildConfigurationList = 30A0CA521AA9E5B4005411C7 /* Build configuration list for PBXProject "konggu" */;
			compatibilityVersion = "Xcode 3.2";
			developmentRegion = English;
			hasScannedForEncodings = 0;
			knownRegions = (
				en,
				Base,
			);
			mainGroup = 30A0CA4E1AA9E5B4005411C7;
			productRefGroup = 30A0CA581AA9E5B4005411C7 /* Products */;
			projectDirPath = "";
			projectRoot = "";
			targets = (
				30A0CA561AA9E5B4005411C7 /* konggu */,
				30A0CA6F1AA9E5B4005411C7 /* kongguTests */,
			);
		};
/* End PBXProject section */

/* Begin PBXResourcesBuildPhase section */
		30A0CA551AA9E5B4005411C7 /* Resources */ = {
			isa = PBXResourcesBuildPhase;
			buildActionMask = 2147483647;
			files = (
				30A0CA661AA9E5B4005411C7 /* Main.storyboard in Resources */,
				30A0CA6B1AA9E5B4005411C7 /* LaunchScreen.xib in Resources */,
				30A0CA681AA9E5B4005411C7 /* Images.xcassets in Resources */,
			);
			runOnlyForDeploymentPostprocessing = 0;
		};
		30A0CA6E1AA9E5B4005411C7 /* Resources */ = {
			isa = PBXResourcesBuildPhase;
			buildActionMask = 2147483647;
			files = (
			);
			runOnlyForDeploymentPostprocessing = 0;
		};
/* End PBXResourcesBuildPhase section */

/* Begin PBXSourcesBuildPhase section */
		30A0CA531AA9E5B4005411C7 /* Sources */ = {
			isa = PBXSourcesBuildPhase;
			buildActionMask = 2147483647;
			files = (
				30A0CA631AA9E5B4005411C7 /* ViewController.m in Sources */,
				30A0CA601AA9E5B4005411C7 /* AppDelegate.m in Sources */,
				30A0CA5D1AA9E5B4005411C7 /* main.m in Sources */,
			);
			runOnlyForDeploymentPostprocessing = 0;
		};
		30A0CA6C1AA9E5B4005411C7 /* Sources */ = {
			isa = PBXSourcesBuildPhase;
			buildActionMask = 2147483647;
			files = (
				30A0CA771AA9E5B4005411C7 /* kongguTests.m in Sources */,
			);
			runOnlyForDeploymentPostprocessing = 0;
		};
/* End PBXSourcesBuildPhase section */

/* Begin PBXTargetDependency section */
		30A0CA721AA9E5B4005411C7 /* PBXTargetDependency */ = {
			isa = PBXTargetDependency;
			target = 30A0CA561AA9E5B4005411C7 /* konggu */;
			targetProxy = 30A0CA711AA9E5B4005411C7 /* PBXContainerItemProxy */;
		};
/* End PBXTargetDependency section */

/* Begin PBXVariantGroup section */
		30A0CA641AA9E5B4005411C7 /* Main.storyboard */ = {
			isa = PBXVariantGroup;
			children = (
				30A0CA651AA9E5B4005411C7 /* Base */,
			);
			name = Main.storyboard;
			sourceTree = "<group>";
		};
		30A0CA691AA9E5B4005411C7 /* LaunchScreen.xib */ = {
			isa = PBXVariantGroup;
			children = (
				30A0CA6A1AA9E5B4005411C7 /* Base */,
			);
			name = LaunchScreen.xib;
			sourceTree = "<group>";
		};
/* End PBXVariantGroup section */

/* Begin XCBuildConfiguration section */
		30A0CA781AA9E5B4005411C7 /* Debug */ = {
			isa = XCBuildConfiguration;
			buildSettings = {
				ALWAYS_SEARCH_USER_PATHS = NO;
				CLANG_CXX_LANGUAGE_STANDARD = "gnu++0x";
				CLANG_CXX_LIBRARY = "libc++";
				CLANG_ENABLE_MODULES = YES;
				CLANG_ENABLE_OBJC_ARC = YES;
				CLANG_WARN_BOOL_CONVERSION = YES;
				CLANG_WARN_CONSTANT_CONVERSION = YES;
				CLANG_WARN_DIRECT_OBJC_ISA_USAGE = YES_ERROR;
				CLANG_WARN_EMPTY_BODY = YES;
				CLANG_WARN_ENUM_CONVERSION = YES;
				CLANG_WARN_INT_CONVERSION = YES;
				CLANG_WARN_OBJC_ROOT_CLASS = YES_ERROR;
				CLANG_WARN_UNREACHABLE_CODE = YES;
				CLANG_WARN__DUPLICATE_METHOD_MATCH = YES;
				"CODE_SIGN_IDENTITY[sdk=iphoneos*]" = "iPhone Developer";
				COPY_PHASE_STRIP = NO;
				ENABLE_STRICT_OBJC_MSGSEND = YES;
				GCC_C_LANGUAGE_STANDARD = gnu99;
				GCC_DYNAMIC_NO_PIC = NO;
				GCC_OPTIMIZATION_LEVEL = 0;
				GCC_PREPROCESSOR_DEFINITIONS = (
					"DEBUG=1",
					"$(inherited)",
				);
				GCC_SYMBOLS_PRIVATE_EXTERN = NO;
				GCC_WARN_64_TO_32_BIT_CONVERSION = YES;
				GCC_WARN_ABOUT_RETURN_TYPE = YES_ERROR;
				GCC_WARN_UNDECLARED_SELECTOR = YES;
				GCC_WARN_UNINITIALIZED_AUTOS = YES_AGGRESSIVE;
				GCC_WARN_UNUSED_FUNCTION = YES;
				GCC_WARN_UNUSED_VARIABLE = YES;
				IPHONEOS_DEPLOYMENT_TARGET = 8.1;
				MTL_ENABLE_DEBUG_INFO = YES;
				ONLY_ACTIVE_ARCH = YES;
				SDKROOT = iphoneos;
			};
			name = Debug;
		};
		30A0CA791AA9E5B4005411C7 /* Release */ = {
			isa = XCBuildConfiguration;
			buildSettings = {
				ALWAYS_SEARCH_USER_PATHS = NO;
				CLANG_CXX_LANGUAGE_STANDARD = "gnu++0x";
				CLANG_CXX_LIBRARY = "libc++";
				CLANG_ENABLE_MODULES = YES;
				CLANG_ENABLE_OBJC_ARC = YES;
				CLANG_WARN_BOOL_CONVERSION = YES;
				CLANG_WARN_CONSTANT_CONVERSION = YES;
				CLANG_WARN_DIRECT_OBJC_ISA_USAGE = YES_ERROR;
				CLANG_WARN_EMPTY_BODY = YES;
				CLANG_WARN_ENUM_CONVERSION = YES;
				CLANG_WARN_INT_CONVERSION = YES;
				CLANG_WARN_OBJC_ROOT_CLASS = YES_ERROR;
				CLANG_WARN_UNREACHABLE_CODE = YES;
				CLANG_WARN__DUPLICATE_METHOD_MATCH = YES;
				"CODE_SIGN_IDENTITY[sdk=iphoneos*]" = "iPhone Developer";
				COPY_PHASE_STRIP = YES;
				ENABLE_NS_ASSERTIONS = NO;
				ENABLE_STRICT_OBJC_MSGSEND = YES;
				GCC_C_LANGUAGE_STANDARD = gnu99;
				GCC_WARN_64_TO_32_BIT_CONVERSION = YES;
				GCC_WARN_ABOUT_RETURN_TYPE = YES_ERROR;
				GCC_WARN_UNDECLARED_SELECTOR = YES;
				GCC_WARN_UNINITIALIZED_AUTOS = YES_AGGRESSIVE;
				GCC_WARN_UNUSED_FUNCTION = YES;
				GCC_WARN_UNUSED_VARIABLE = YES;
				IPHONEOS_DEPLOYMENT_TARGET = 8.1;
				MTL_ENABLE_DEBUG_INFO = NO;
				SDKROOT = iphoneos;
				VALIDATE_PRODUCT = YES;
			};
			name = Release;
		};
		30A0CA7B1AA9E5B4005411C7 /* Debug */ = {
			isa = XCBuildConfiguration;
			buildSettings = {
				ASSETCATALOG_COMPILER_APPICON_NAME = AppIcon;
				INFOPLIST_FILE = konggu/Info.plist;
				LD_RUNPATH_SEARCH_PATHS = "$(inherited) @executable_path/Frameworks";
				PRODUCT_NAME = "$(TARGET_NAME)";
			};
			name = Debug;
		};
		30A0CA7C1AA9E5B4005411C7 /* Release */ = {
			isa = XCBuildConfiguration;
			buildSettings = {
				ASSETCATALOG_COMPILER_APPICON_NAME = AppIcon;
				INFOPLIST_FILE = konggu/Info.plist;
				LD_RUNPATH_SEARCH_PATHS = "$(inherited) @executable_path/Frameworks";
				PRODUCT_NAME = "$(TARGET_NAME)";
			};
			name = Release;
		};
		30A0CA7E1AA9E5B4005411C7 /* Debug */ = {
			isa = XCBuildConfiguration;
			buildSettings = {
				BUNDLE_LOADER = "$(TEST_HOST)";
				FRAMEWORK_SEARCH_PATHS = (
					"$(SDKROOT)/Developer/Library/Frameworks",
					"$(inherited)",
				);
				GCC_PREPROCESSOR_DEFINITIONS = (
					"DEBUG=1",
					"$(inherited)",
				);
				INFOPLIST_FILE = kongguTests/Info.plist;
				LD_RUNPATH_SEARCH_PATHS = "$(inherited) @executable_path/Frameworks @loader_path/Frameworks";
				PRODUCT_NAME = "$(TARGET_NAME)";
				TEST_HOST = "$(BUILT_PRODUCTS_DIR)/konggu.app/konggu";
			};
			name = Debug;
		};
		30A0CA7F1AA9E5B4005411C7 /* Release */ = {
			isa = XCBuildConfiguration;
			buildSettings = {
				BUNDLE_LOADER = "$(TEST_HOST)";
				FRAMEWORK_SEARCH_PATHS = (
					"$(SDKROOT)/Developer/Library/Frameworks",
					"$(inherited)",
				);
				INFOPLIST_FILE = kongguTests/Info.plist;
				LD_RUNPATH_SEARCH_PATHS = "$(inherited) @executable_path/Frameworks @loader_path/Frameworks";
				PRODUCT_NAME = "$(TARGET_NAME)";
				TEST_HOST = "$(BUILT_PRODUCTS_DIR)/konggu.app/konggu";
			};
			name = Release;
		};
/* End XCBuildConfiguration section */

/* Begin XCConfigurationList section */
		30A0CA521AA9E5B4005411C7 /* Build configuration list for PBXProject "konggu" */ = {
			isa = XCConfigurationList;
			buildConfigurations = (
				30A0CA781AA9E5B4005411C7 /* Debug */,
				30A0CA791AA9E5B4005411C7 /* Release */,
			);
			defaultConfigurationIsVisible = 0;
			defaultConfigurationName = Release;
		};
		30A0CA7A1AA9E5B4005411C7 /* Build configuration list for PBXNativeTarget "konggu" */ = {
			isa = XCConfigurationList;
			buildConfigurations = (
				30A0CA7B1AA9E5B4005411C7 /* Debug */,
				30A0CA7C1AA9E5B4005411C7 /* Release */,
			);
			defaultConfigurationIsVisible = 0;
		};
		30A0CA7D1AA9E5B4005411C7 /* Build configuration list for PBXNativeTarget "kongguTests" */ = {
			isa = XCConfigurationList;
			buildConfigurations = (
				30A0CA7E1AA9E5B4005411C7 /* Debug */,
				30A0CA7F1AA9E5B4005411C7 /* Release */,
			);
			defaultConfigurationIsVisible = 0;
		};
/* End XCConfigurationList section */
	};
	rootObject = 30A0CA4F1AA9E5B4005411C7 /* Project object */;
}
